// !$*UTF8*$!
{
	archiveVersion = 1;
	classes = {
	};
	objectVersion = 48;
	objects = {

/* Begin PBXBuildFile section */
		1A1074A51F9F313500AFADEF /* SuccessViewController.swift in Sources */ = {isa = PBXBuildFile; fileRef = 1A1074A41F9F313500AFADEF /* SuccessViewController.swift */; };
		1A23138B1F9B3A010001C057 /* AppDelegate.swift in Sources */ = {isa = PBXBuildFile; fileRef = 1A23138A1F9B3A000001C057 /* AppDelegate.swift */; };
		1A23138D1F9B3A010001C057 /* ViewController.swift in Sources */ = {isa = PBXBuildFile; fileRef = 1A23138C1F9B3A010001C057 /* ViewController.swift */; };
		1A2313901F9B3A010001C057 /* Main.storyboard in Resources */ = {isa = PBXBuildFile; fileRef = 1A23138E1F9B3A010001C057 /* Main.storyboard */; };
		1A2313921F9B3A010001C057 /* Assets.xcassets in Resources */ = {isa = PBXBuildFile; fileRef = 1A2313911F9B3A010001C057 /* Assets.xcassets */; };
		1A2313951F9B3A010001C057 /* LaunchScreen.storyboard in Resources */ = {isa = PBXBuildFile; fileRef = 1A2313931F9B3A010001C057 /* LaunchScreen.storyboard */; };
/* End PBXBuildFile section */

/* Begin PBXFileReference section */
		1A1074A41F9F313500AFADEF /* SuccessViewController.swift */ = {isa = PBXFileReference; lastKnownFileType = sourcecode.swift; path = SuccessViewController.swift; sourceTree = "<group>"; };
		1A2313871F9B3A000001C057 /* LoginApp-final-3.app */ = {isa = PBXFileReference; explicitFileType = wrapper.application; includeInIndex = 0; path = "LoginApp-final-3.app"; sourceTree = BUILT_PRODUCTS_DIR; };
		1A23138A1F9B3A000001C057 /* AppDelegate.swift */ = {isa = PBXFileReference; lastKnownFileType = sourcecode.swift; path = AppDelegate.swift; sourceTree = "<group>"; };
		1A23138C1F9B3A010001C057 /* ViewController.swift */ = {isa = PBXFileReference; lastKnownFileType = sourcecode.swift; path = ViewController.swift; sourceTree = "<group>"; };
		1A23138F1F9B3A010001C057 /* Base */ = {isa = PBXFileReference; lastKnownFileType = file.storyboard; name = Base; path = Base.lproj/Main.storyboard; sourceTree = "<group>"; };
		1A2313911F9B3A010001C057 /* Assets.xcassets */ = {isa = PBXFileReference; lastKnownFileType = folder.assetcatalog; path = Assets.xcassets; sourceTree = "<group>"; };
		1A2313941F9B3A010001C057 /* Base */ = {isa = PBXFileReference; lastKnownFileType = file.storyboard; name = Base; path = Base.lproj/LaunchScreen.storyboard; sourceTree = "<group>"; };
		1A2313961F9B3A010001C057 /* Info.plist */ = {isa = PBXFileReference; lastKnownFileType = text.plist.xml; path = Info.plist; sourceTree = "<group>"; };
/* End PBXFileReference section */

/* Begin PBXFrameworksBuildPhase section */
		1A2313841F9B3A000001C057 /* Frameworks */ = {
			isa = PBXFrameworksBuildPhase;
			buildActionMask = 2147483647;
			files = (
			);
			runOnlyForDeploymentPostprocessing = 0;
		};
/* End PBXFrameworksBuildPhase section */

/* Begin PBXGroup section */
		1A23137E1F9B3A000001C057 = {
			isa = PBXGroup;
			children = (
				1A2313891F9B3A000001C057 /* LoginApp-final-3 */,
				1A2313881F9B3A000001C057 /* Products */,
			);
			sourceTree = "<group>";
		};
		1A2313881F9B3A000001C057 /* Products */ = {
			isa = PBXGroup;
			children = (
				1A2313871F9B3A000001C057 /* LoginApp-final-3.app */,
			);
			name = Products;
			sourceTree = "<group>";
		};
		1A2313891F9B3A000001C057 /* LoginApp-final-3 */ = {
			isa = PBXGroup;
			children = (
				1A23138A1F9B3A000001C057 /* AppDelegate.swift */,
				1A23138C1F9B3A010001C057 /* ViewController.swift */,
				1A1074A41F9F313500AFADEF /* SuccessViewController.swift */,
				1A23138E1F9B3A010001C057 /* Main.storyboard */,
				1A2313911F9B3A010001C057 /* Assets.xcassets */,
				1A2313931F9B3A010001C057 /* LaunchScreen.storyboard */,
				1A2313961F9B3A010001C057 /* Info.plist */,
			);
			path = "LoginApp-final-3";
			sourceTree = "<group>";
		};
/* End PBXGroup section */

/* Begin PBXNativeTarget section */
		1A2313861F9B3A000001C057 /* LoginApp-final-3 */ = {
			isa = PBXNativeTarget;
			buildConfigurationList = 1A2313991F9B3A010001C057 /* Build configuration list for PBXNativeTarget "LoginApp-final-3" */;
			buildPhases = (
				1A2313831F9B3A000001C057 /* Sources */,
				1A2313841F9B3A000001C057 /* Frameworks */,
				1A2313851F9B3A000001C057 /* Resources */,
			);
			buildRules = (
			);
			dependencies = (
			);
			name = "LoginApp-final-3";
			productName = SwiftFmi;
			productReference = 1A2313871F9B3A000001C057 /* LoginApp-final-3.app */;
			productType = "com.apple.product-type.application";
		};
/* End PBXNativeTarget section */

/* Begin PBXProject section */
		1A23137F1F9B3A000001C057 /* Project object */ = {
			isa = PBXProject;
			attributes = {
				LastSwiftUpdateCheck = 0900;
				LastUpgradeCheck = 0900;
				ORGANIZATIONNAME = "Petko Haydushki";
				TargetAttributes = {
					1A2313861F9B3A000001C057 = {
						CreatedOnToolsVersion = 9.0;
						ProvisioningStyle = Automatic;
					};
				};
			};
			buildConfigurationList = 1A2313821F9B3A000001C057 /* Build configuration list for PBXProject "LoginApp-final-3" */;
			compatibilityVersion = "Xcode 8.0";
			developmentRegion = en;
			hasScannedForEncodings = 0;
			knownRegions = (
				en,
				Base,
			);
			mainGroup = 1A23137E1F9B3A000001C057;
			productRefGroup = 1A2313881F9B3A000001C057 /* Products */;
			projectDirPath = "";
			projectRoot = "";
			targets = (
				1A2313861F9B3A000001C057 /* LoginApp-final-3 */,
			);
		};
/* End PBXProject section */

/* Begin PBXResourcesBuildPhase section */
		1A2313851F9B3A000001C057 /* Resources */ = {
			isa = PBXResourcesBuildPhase;
			buildActionMask = 2147483647;
			files = (
				1A2313951F9B3A010001C057 /* LaunchScreen.storyboard in Resources */,
				1A2313921F9B3A010001C057 /* Assets.xcassets in Resources */,
				1A2313901F9B3A010001C057 /* Main.storyboard in Resources */,
			);
			runOnlyForDeploymentPostprocessing = 0;
		};
/* End PBXResourcesBuildPhase section */

/* Begin PBXSourcesBuildPhase section */
		1A2313831F9B3A000001C057 /* Sources */ = {
			isa = PBXSourcesBuildPhase;
			buildActionMask = 2147483647;
			files = (
				1A23138D1F9B3A010001C057 /* ViewController.swift in Sources */,
				1A1074A51F9F313500AFADEF /* SuccessViewController.swift in Sources */,
				1A23138B1F9B3A010001C057 /* AppDelegate.swift in Sources */,
			);
			runOnlyForDeploymentPostprocessing = 0;
		};
/* End PBXSourcesBuildPhase section */

/* Begin PBXVariantGroup section */
		1A23138E1F9B3A010001C057 /* Main.storyboard */ = {
			isa = PBXVariantGroup;
			children = (
				1A23138F1F9B3A010001C057 /* Base */,
			);
			name = Main.storyboard;
			sourceTree = "<group>";
		};
		1A2313931F9B3A010001C057 /* LaunchScreen.storyboard */ = {
			isa = PBXVariantGroup;
			children = (
				1A2313941F9B3A010001C057 /* Base */,
			);
			name = LaunchScreen.storyboard;
			sourceTree = "<group>";
		};
/* End PBXVariantGroup section */

/* Begin XCBuildConfiguration section */
		1A2313971F9B3A010001C057 /* Debug */ = {
			isa = XCBuildConfiguration;
			buildSettings = {
				ALWAYS_SEARCH_USER_PATHS = NO;
				CLANG_ANALYZER_NONNULL = YES;
				CLANG_ANALYZER_NUMBER_OBJECT_CONVERSION = YES_AGGRESSIVE;
				CLANG_CXX_LANGUAGE_STANDARD = "gnu++14";
				CLANG_CXX_LIBRARY = "libc++";
				CLANG_ENABLE_MODULES = YES;
				CLANG_ENABLE_OBJC_ARC = YES;
				CLANG_WARN_BLOCK_CAPTURE_AUTORELEASING = YES;
				CLANG_WARN_BOOL_CONVERSION = YES;
				CLANG_WARN_COMMA = YES;
				CLANG_WARN_CONSTANT_CONVERSION = YES;
				CLANG_WARN_DIRECT_OBJC_ISA_USAGE = YES_ERROR;
				CLANG_WARN_DOCUMENTATION_COMMENTS = YES;
				CLANG_WARN_EMPTY_BODY = YES;
				CLANG_WARN_ENUM_CONVERSION = YES;
				CLANG_WARN_INFINITE_RECURSION = YES;
				CLANG_WARN_INT_CONVERSION = YES;
				CLANG_WARN_NON_LITERAL_NULL_CONVERSION = YES;
				CLANG_WARN_OBJC_LITERAL_CONVERSION = YES;
				CLANG_WARN_OBJC_ROOT_CLASS = YES_ERROR;
				CLANG_WARN_RANGE_LOOP_ANALYSIS = YES;
				CLANG_WARN_STRICT_PROTOTYPES = YES;
				CLANG_WARN_SUSPICIOUS_MOVE = YES;
				CLANG_WARN_UNGUARDED_AVAILABILITY = YES_AGGRESSIVE;
				CLANG_WARN_UNREACHABLE_CODE = YES;
				CLANG_WARN__DUPLICATE_METHOD_MATCH = YES;
				CODE_SIGN_IDENTITY = "iPhone Developer";
				COPY_PHASE_STRIP = NO;
				DEBUG_INFORMATION_FORMAT = dwarf;
				ENABLE_STRICT_OBJC_MSGSEND = YES;
				ENABLE_TESTABILITY = YES;
				GCC_C_LANGUAGE_STANDARD = gnu11;
				GCC_DYNAMIC_NO_PIC = NO;
				GCC_NO_COMMON_BLOCKS = YES;
				GCC_OPTIMIZATION_LEVEL = 0;
				GCC_PREPROCESSOR_DEFINITIONS = (
					"DEBUG=1",
					"$(inherited)",
				);
				GCC_WARN_64_TO_32_BIT_CONVERSION = YES;
				GCC_WARN_ABOUT_RETURN_TYPE = YES_ERROR;
				GCC_WARN_UNDECLARED_SELECTOR = YES;
				GCC_WARN_UNINITIALIZED_AUTOS = YES_AGGRESSIVE;
				GCC_WARN_UNUSED_FUNCTION = YES;
				GCC_WARN_UNUSED_VARIABLE = YES;
				IPHONEOS_DEPLOYMENT_TARGET = 11.0;
				MTL_ENABLE_DEBUG_INFO = YES;
				ONLY_ACTIVE_ARCH = YES;
				SDKROOT = iphoneos;
				SWIFT_ACTIVE_COMPILATION_CONDITIONS = DEBUG;
				SWIFT_OPTIMIZATION_LEVEL = "-Onone";
			};
			name = Debug;
		};
		1A2313981F9B3A010001C057 /* Release */ = {
			isa = XCBuildConfiguration;
			buildSettings = {
				ALWAYS_SEARCH_USER_PATHS = NO;
				CLANG_ANALYZER_NONNULL = YES;
				CLANG_ANALYZER_NUMBER_OBJECT_CONVERSION = YES_AGGRESSIVE;
				CLANG_CXX_LANGUAGE_STANDARD = "gnu++14";
				CLANG_CXX_LIBRARY = "libc++";
				CLANG_ENABLE_MODULES = YES;
				CLANG_ENABLE_OBJC_ARC = YES;
				CLANG_WARN_BLOCK_CAPTURE_AUTORELEASING = YES;
				CLANG_WARN_BOOL_CONVERSION = YES;
				CLANG_WARN_COMMA = YES;
				CLANG_WARN_CONSTANT_CONVERSION = YES;
				CLANG_WARN_DIRECT_OBJC_ISA_USAGE = YES_ERROR;
				CLANG_WARN_DOCUMENTATION_COMMENTS = YES;
				CLANG_WARN_EMPTY_BODY = YES;
				CLANG_WARN_ENUM_CONVERSION = YES;
				CLANG_WARN_INFINITE_RECURSION = YES;
				CLANG_WARN_INT_CONVERSION = YES;
				CLANG_WARN_NON_LITERAL_NULL_CONVERSION = YES;
				CLANG_WARN_OBJC_LITERAL_CONVERSION = YES;
				CLANG_WARN_OBJC_ROOT_CLASS = YES_ERROR;
				CLANG_WARN_RANGE_LOOP_ANALYSIS = YES;
				CLANG_WARN_STRICT_PROTOTYPES = YES;
				CLANG_WARN_SUSPICIOUS_MOVE = YES;
				CLANG_WARN_UNGUARDED_AVAILABILITY = YES_AGGRESSIVE;
				CLANG_WARN_UNREACHABLE_CODE = YES;
				CLANG_WARN__DUPLICATE_METHOD_MATCH = YES;
				CODE_SIGN_IDENTITY = "iPhone Developer";
				COPY_PHASE_STRIP = NO;
				DEBUG_INFORMATION_FORMAT = "dwarf-with-dsym";
				ENABLE_NS_ASSERTIONS = NO;
				ENABLE_STRICT_OBJC_MSGSEND = YES;
				GCC_C_LANGUAGE_STANDARD = gnu11;
				GCC_NO_COMMON_BLOCKS = YES;
				GCC_WARN_64_TO_32_BIT_CONVERSION = YES;
				GCC_WARN_ABOUT_RETURN_TYPE = YES_ERROR;
				GCC_WARN_UNDECLARED_SELECTOR = YES;
				GCC_WARN_UNINITIALIZED_AUTOS = YES_AGGRESSIVE;
				GCC_WARN_UNUSED_FUNCTION = YES;
				GCC_WARN_UNUSED_VARIABLE = YES;
				IPHONEOS_DEPLOYMENT_TARGET = 11.0;
				MTL_ENABLE_DEBUG_INFO = NO;
				SDKROOT = iphoneos;
				SWIFT_OPTIMIZATION_LEVEL = "-Owholemodule";
				VALIDATE_PRODUCT = YES;
			};
			name = Release;
		};
		1A23139A1F9B3A010001C057 /* Debug */ = {
			isa = XCBuildConfiguration;
			buildSettings = {
				ASSETCATALOG_COMPILER_APPICON_NAME = AppIcon;
				CODE_SIGN_STYLE = Automatic;
				DEVELOPMENT_TEAM = "";
				INFOPLIST_FILE = "LoginApp-final-3/Info.plist";
				LD_RUNPATH_SEARCH_PATHS = "$(inherited) @executable_path/Frameworks";
				PRODUCT_BUNDLE_IDENTIFIER = "PH.LoginApp-final-3";
				PRODUCT_NAME = "$(TARGET_NAME)";
				SWIFT_VERSION = 4.0;
				TARGETED_DEVICE_FAMILY = "1,2";
			};
			name = Debug;
		};
		1A23139B1F9B3A010001C057 /* Release */ = {
			isa = XCBuildConfiguration;
			buildSettings = {
				ASSETCATALOG_COMPILER_APPICON_NAME = AppIcon;
				CODE_SIGN_STYLE = Automatic;
				DEVELOPMENT_TEAM = "";
				INFOPLIST_FILE = "LoginApp-final-3/Info.plist";
				LD_RUNPATH_SEARCH_PATHS = "$(inherited) @executable_path/Frameworks";
				PRODUCT_BUNDLE_IDENTIFIER = "PH.LoginApp-final-3";
				PRODUCT_NAME = "$(TARGET_NAME)";
				SWIFT_VERSION = 4.0;
				TARGETED_DEVICE_FAMILY = "1,2";
			};
			name = Release;
		};
/* End XCBuildConfiguration section */

/* Begin XCConfigurationList section */
		1A2313821F9B3A000001C057 /* Build configuration list for PBXProject "LoginApp-final-3" */ = {
			isa = XCConfigurationList;
			buildConfigurations = (
				1A2313971F9B3A010001C057 /* Debug */,
				1A2313981F9B3A010001C057 /* Release */,
			);
			defaultConfigurationIsVisible = 0;
			defaultConfigurationName = Release;
		};
		1A2313991F9B3A010001C057 /* Build configuration list for PBXNativeTarget "LoginApp-final-3" */ = {
			isa = XCConfigurationList;
			buildConfigurations = (
				1A23139A1F9B3A010001C057 /* Debug */,
				1A23139B1F9B3A010001C057 /* Release */,
			);
			defaultConfigurationIsVisible = 0;
			defaultConfigurationName = Release;
		};
/* End XCConfigurationList section */
	};
	rootObject = 1A23137F1F9B3A000001C057 /* Project object */;
}
