// !$*UTF8*$!
{
	archiveVersion = 1;
	classes = {
	};
	objectVersion = 48;
	objects = {

/* Begin PBXBuildFile section */
		1A3928201FB70131006E406B /* AppDelegate.swift in Sources */ = {isa = PBXBuildFile; fileRef = 1A39281F1FB70131006E406B /* AppDelegate.swift */; };
		1A3928221FB70131006E406B /* ViewController.swift in Sources */ = {isa = PBXBuildFile; fileRef = 1A3928211FB70131006E406B /* ViewController.swift */; };
		1A3928251FB70131006E406B /* Main.storyboard in Resources */ = {isa = PBXBuildFile; fileRef = 1A3928231FB70131006E406B /* Main.storyboard */; };
		1A3928271FB70131006E406B /* Assets.xcassets in Resources */ = {isa = PBXBuildFile; fileRef = 1A3928261FB70131006E406B /* Assets.xcassets */; };
		1A39282A1FB70131006E406B /* LaunchScreen.storyboard in Resources */ = {isa = PBXBuildFile; fileRef = 1A3928281FB70131006E406B /* LaunchScreen.storyboard */; };
		1A77DE1E1FC741340034F54E /* MainViewController.swift in Sources */ = {isa = PBXBuildFile; fileRef = 1A77DE1D1FC741340034F54E /* MainViewController.swift */; };
		1A77DE221FC829880034F54E /* GenericViewController.swift in Sources */ = {isa = PBXBuildFile; fileRef = 1A77DE211FC829880034F54E /* GenericViewController.swift */; };
		1A77DE241FC82E1D0034F54E /* DownloadButton.swift in Sources */ = {isa = PBXBuildFile; fileRef = 1A77DE231FC82E1D0034F54E /* DownloadButton.swift */; };
		1A77DE261FC9DCE70034F54E /* Rings.swift in Sources */ = {isa = PBXBuildFile; fileRef = 1A77DE251FC9DCE70034F54E /* Rings.swift */; };
		1A77DE281FC9ED360034F54E /* DashedPercentageMeter.swift in Sources */ = {isa = PBXBuildFile; fileRef = 1A77DE271FC9ED360034F54E /* DashedPercentageMeter.swift */; };
		1ACB07B51FBDDC3100D182D6 /* MeterCircularView.swift in Sources */ = {isa = PBXBuildFile; fileRef = 1ACB07B41FBDDC3100D182D6 /* MeterCircularView.swift */; };
/* End PBXBuildFile section */

/* Begin PBXFileReference section */
		1A39281C1FB70131006E406B /* CustomControllAdvanced-phaydushki.app */ = {isa = PBXFileReference; explicitFileType = wrapper.application; includeInIndex = 0; path = "CustomControllAdvanced-phaydushki.app"; sourceTree = BUILT_PRODUCTS_DIR; };
		1A39281F1FB70131006E406B /* AppDelegate.swift */ = {isa = PBXFileReference; lastKnownFileType = sourcecode.swift; path = AppDelegate.swift; sourceTree = "<group>"; };
		1A3928211FB70131006E406B /* ViewController.swift */ = {isa = PBXFileReference; lastKnownFileType = sourcecode.swift; path = ViewController.swift; sourceTree = "<group>"; };
		1A3928241FB70131006E406B /* Base */ = {isa = PBXFileReference; lastKnownFileType = file.storyboard; name = Base; path = Base.lproj/Main.storyboard; sourceTree = "<group>"; };
		1A3928261FB70131006E406B /* Assets.xcassets */ = {isa = PBXFileReference; lastKnownFileType = folder.assetcatalog; path = Assets.xcassets; sourceTree = "<group>"; };
		1A3928291FB70131006E406B /* Base */ = {isa = PBXFileReference; lastKnownFileType = file.storyboard; name = Base; path = Base.lproj/LaunchScreen.storyboard; sourceTree = "<group>"; };
		1A39282B1FB70131006E406B /* Info.plist */ = {isa = PBXFileReference; lastKnownFileType = text.plist.xml; path = Info.plist; sourceTree = "<group>"; };
		1A77DE1D1FC741340034F54E /* MainViewController.swift */ = {isa = PBXFileReference; lastKnownFileType = sourcecode.swift; path = MainViewController.swift; sourceTree = "<group>"; };
		1A77DE211FC829880034F54E /* GenericViewController.swift */ = {isa = PBXFileReference; lastKnownFileType = sourcecode.swift; path = GenericViewController.swift; sourceTree = "<group>"; };
		1A77DE231FC82E1D0034F54E /* DownloadButton.swift */ = {isa = PBXFileReference; lastKnownFileType = sourcecode.swift; path = DownloadButton.swift; sourceTree = "<group>"; };
		1A77DE251FC9DCE70034F54E /* Rings.swift */ = {isa = PBXFileReference; lastKnownFileType = sourcecode.swift; path = Rings.swift; sourceTree = "<group>"; };
		1A77DE271FC9ED360034F54E /* DashedPercentageMeter.swift */ = {isa = PBXFileReference; lastKnownFileType = sourcecode.swift; path = DashedPercentageMeter.swift; sourceTree = "<group>"; };
		1ACB07B41FBDDC3100D182D6 /* MeterCircularView.swift */ = {isa = PBXFileReference; lastKnownFileType = sourcecode.swift; path = MeterCircularView.swift; sourceTree = "<group>"; };
/* End PBXFileReference section */

/* Begin PBXFrameworksBuildPhase section */
		1A3928191FB70131006E406B /* Frameworks */ = {
			isa = PBXFrameworksBuildPhase;
			buildActionMask = 2147483647;
			files = (
			);
			runOnlyForDeploymentPostprocessing = 0;
		};
/* End PBXFrameworksBuildPhase section */

/* Begin PBXGroup section */
		1A3928131FB70131006E406B = {
			isa = PBXGroup;
			children = (
				1A39281E1FB70131006E406B /* CustomControllAdvanced-phaydushki */,
				1A39281D1FB70131006E406B /* Products */,
			);
			sourceTree = "<group>";
		};
		1A39281D1FB70131006E406B /* Products */ = {
			isa = PBXGroup;
			children = (
				1A39281C1FB70131006E406B /* CustomControllAdvanced-phaydushki.app */,
			);
			name = Products;
			sourceTree = "<group>";
		};
		1A39281E1FB70131006E406B /* CustomControllAdvanced-phaydushki */ = {
			isa = PBXGroup;
			children = (
				1A77DE1F1FC741460034F54E /* Controllers */,
				1A77DE201FC741540034F54E /* Controlls */,
				1A3928231FB70131006E406B /* Main.storyboard */,
				1A3928261FB70131006E406B /* Assets.xcassets */,
				1A3928281FB70131006E406B /* LaunchScreen.storyboard */,
				1A39282B1FB70131006E406B /* Info.plist */,
				1A39281F1FB70131006E406B /* AppDelegate.swift */,
			);
			path = "CustomControllAdvanced-phaydushki";
			sourceTree = "<group>";
		};
		1A77DE1F1FC741460034F54E /* Controllers */ = {
			isa = PBXGroup;
			children = (
				1A77DE1D1FC741340034F54E /* MainViewController.swift */,
				1A3928211FB70131006E406B /* ViewController.swift */,
				1A77DE211FC829880034F54E /* GenericViewController.swift */,
			);
			path = Controllers;
			sourceTree = "<group>";
		};
		1A77DE201FC741540034F54E /* Controlls */ = {
			isa = PBXGroup;
			children = (
				1ACB07B41FBDDC3100D182D6 /* MeterCircularView.swift */,
				1A77DE251FC9DCE70034F54E /* Rings.swift */,
				1A77DE271FC9ED360034F54E /* DashedPercentageMeter.swift */,
				1A77DE231FC82E1D0034F54E /* DownloadButton.swift */,
			);
			path = Controlls;
			sourceTree = "<group>";
		};
/* End PBXGroup section */

/* Begin PBXNativeTarget section */
		1A39281B1FB70131006E406B /* CustomControllAdvanced-phaydushki */ = {
			isa = PBXNativeTarget;
			buildConfigurationList = 1A39282E1FB70131006E406B /* Build configuration list for PBXNativeTarget "CustomControllAdvanced-phaydushki" */;
			buildPhases = (
				1A3928181FB70131006E406B /* Sources */,
				1A3928191FB70131006E406B /* Frameworks */,
				1A39281A1FB70131006E406B /* Resources */,
			);
			buildRules = (
			);
			dependencies = (
			);
			name = "CustomControllAdvanced-phaydushki";
			productName = "CustomControllAdvanced-phaydushki";
			productReference = 1A39281C1FB70131006E406B /* CustomControllAdvanced-phaydushki.app */;
			productType = "com.apple.product-type.application";
		};
/* End PBXNativeTarget section */

/* Begin PBXProject section */
		1A3928141FB70131006E406B /* Project object */ = {
			isa = PBXProject;
			attributes = {
				LastSwiftUpdateCheck = 0910;
				LastUpgradeCheck = 0910;
				ORGANIZATIONNAME = "Petko Haydushki";
				TargetAttributes = {
					1A39281B1FB70131006E406B = {
						CreatedOnToolsVersion = 9.1;
						ProvisioningStyle = Automatic;
					};
				};
			};
			buildConfigurationList = 1A3928171FB70131006E406B /* Build configuration list for PBXProject "CustomControllAdvanced-phaydushki" */;
			compatibilityVersion = "Xcode 8.0";
			developmentRegion = en;
			hasScannedForEncodings = 0;
			knownRegions = (
				en,
				Base,
			);
			mainGroup = 1A3928131FB70131006E406B;
			productRefGroup = 1A39281D1FB70131006E406B /* Products */;
			projectDirPath = "";
			projectRoot = "";
			targets = (
				1A39281B1FB70131006E406B /* CustomControllAdvanced-phaydushki */,
			);
		};
/* End PBXProject section */

/* Begin PBXResourcesBuildPhase section */
		1A39281A1FB70131006E406B /* Resources */ = {
			isa = PBXResourcesBuildPhase;
			buildActionMask = 2147483647;
			files = (
				1A39282A1FB70131006E406B /* LaunchScreen.storyboard in Resources */,
				1A3928271FB70131006E406B /* Assets.xcassets in Resources */,
				1A3928251FB70131006E406B /* Main.storyboard in Resources */,
			);
			runOnlyForDeploymentPostprocessing = 0;
		};
/* End PBXResourcesBuildPhase section */

/* Begin PBXSourcesBuildPhase section */
		1A3928181FB70131006E406B /* Sources */ = {
			isa = PBXSourcesBuildPhase;
			buildActionMask = 2147483647;
			files = (
				1A77DE221FC829880034F54E /* GenericViewController.swift in Sources */,
				1A77DE261FC9DCE70034F54E /* Rings.swift in Sources */,
				1A77DE281FC9ED360034F54E /* DashedPercentageMeter.swift in Sources */,
				1A3928221FB70131006E406B /* ViewController.swift in Sources */,
				1A3928201FB70131006E406B /* AppDelegate.swift in Sources */,
				1ACB07B51FBDDC3100D182D6 /* MeterCircularView.swift in Sources */,
				1A77DE241FC82E1D0034F54E /* DownloadButton.swift in Sources */,
				1A77DE1E1FC741340034F54E /* MainViewController.swift in Sources */,
			);
			runOnlyForDeploymentPostprocessing = 0;
		};
/* End PBXSourcesBuildPhase section */

/* Begin PBXVariantGroup section */
		1A3928231FB70131006E406B /* Main.storyboard */ = {
			isa = PBXVariantGroup;
			children = (
				1A3928241FB70131006E406B /* Base */,
			);
			name = Main.storyboard;
			sourceTree = "<group>";
		};
		1A3928281FB70131006E406B /* LaunchScreen.storyboard */ = {
			isa = PBXVariantGroup;
			children = (
				1A3928291FB70131006E406B /* Base */,
			);
			name = LaunchScreen.storyboard;
			sourceTree = "<group>";
		};
/* End PBXVariantGroup section */

/* Begin XCBuildConfiguration section */
		1A39282C1FB70131006E406B /* Debug */ = {
			isa = XCBuildConfiguration;
			buildSettings = {
				ALWAYS_SEARCH_USER_PATHS = NO;
				CLANG_ANALYZER_NONNULL = YES;
				CLANG_ANALYZER_NUMBER_OBJECT_CONVERSION = YES_AGGRESSIVE;
				CLANG_CXX_LANGUAGE_STANDARD = "gnu++14";
				CLANG_CXX_LIBRARY = "libc++";
				CLANG_ENABLE_MODULES = YES;
				CLANG_ENABLE_OBJC_ARC = YES;
				CLANG_WARN_BLOCK_CAPTURE_AUTORELEASING = YES;
				CLANG_WARN_BOOL_CONVERSION = YES;
				CLANG_WARN_COMMA = YES;
				CLANG_WARN_CONSTANT_CONVERSION = YES;
				CLANG_WARN_DIRECT_OBJC_ISA_USAGE = YES_ERROR;
				CLANG_WARN_DOCUMENTATION_COMMENTS = YES;
				CLANG_WARN_EMPTY_BODY = YES;
				CLANG_WARN_ENUM_CONVERSION = YES;
				CLANG_WARN_INFINITE_RECURSION = YES;
				CLANG_WARN_INT_CONVERSION = YES;
				CLANG_WARN_NON_LITERAL_NULL_CONVERSION = YES;
				CLANG_WARN_OBJC_LITERAL_CONVERSION = YES;
				CLANG_WARN_OBJC_ROOT_CLASS = YES_ERROR;
				CLANG_WARN_RANGE_LOOP_ANALYSIS = YES;
				CLANG_WARN_STRICT_PROTOTYPES = YES;
				CLANG_WARN_SUSPICIOUS_MOVE = YES;
				CLANG_WARN_UNGUARDED_AVAILABILITY = YES_AGGRESSIVE;
				CLANG_WARN_UNREACHABLE_CODE = YES;
				CLANG_WARN__DUPLICATE_METHOD_MATCH = YES;
				CODE_SIGN_IDENTITY = "iPhone Developer";
				COPY_PHASE_STRIP = NO;
				DEBUG_INFORMATION_FORMAT = dwarf;
				ENABLE_STRICT_OBJC_MSGSEND = YES;
				ENABLE_TESTABILITY = YES;
				GCC_C_LANGUAGE_STANDARD = gnu11;
				GCC_DYNAMIC_NO_PIC = NO;
				GCC_NO_COMMON_BLOCKS = YES;
				GCC_OPTIMIZATION_LEVEL = 0;
				GCC_PREPROCESSOR_DEFINITIONS = (
					"DEBUG=1",
					"$(inherited)",
				);
				GCC_WARN_64_TO_32_BIT_CONVERSION = YES;
				GCC_WARN_ABOUT_RETURN_TYPE = YES_ERROR;
				GCC_WARN_UNDECLARED_SELECTOR = YES;
				GCC_WARN_UNINITIALIZED_AUTOS = YES_AGGRESSIVE;
				GCC_WARN_UNUSED_FUNCTION = YES;
				GCC_WARN_UNUSED_VARIABLE = YES;
				IPHONEOS_DEPLOYMENT_TARGET = 11.1;
				MTL_ENABLE_DEBUG_INFO = YES;
				ONLY_ACTIVE_ARCH = YES;
				SDKROOT = iphoneos;
				SWIFT_ACTIVE_COMPILATION_CONDITIONS = DEBUG;
				SWIFT_OPTIMIZATION_LEVEL = "-Onone";
			};
			name = Debug;
		};
		1A39282D1FB70131006E406B /* Release */ = {
			isa = XCBuildConfiguration;
			buildSettings = {
				ALWAYS_SEARCH_USER_PATHS = NO;
				CLANG_ANALYZER_NONNULL = YES;
				CLANG_ANALYZER_NUMBER_OBJECT_CONVERSION = YES_AGGRESSIVE;
				CLANG_CXX_LANGUAGE_STANDARD = "gnu++14";
				CLANG_CXX_LIBRARY = "libc++";
				CLANG_ENABLE_MODULES = YES;
				CLANG_ENABLE_OBJC_ARC = YES;
				CLANG_WARN_BLOCK_CAPTURE_AUTORELEASING = YES;
				CLANG_WARN_BOOL_CONVERSION = YES;
				CLANG_WARN_COMMA = YES;
				CLANG_WARN_CONSTANT_CONVERSION = YES;
				CLANG_WARN_DIRECT_OBJC_ISA_USAGE = YES_ERROR;
				CLANG_WARN_DOCUMENTATION_COMMENTS = YES;
				CLANG_WARN_EMPTY_BODY = YES;
				CLANG_WARN_ENUM_CONVERSION = YES;
				CLANG_WARN_INFINITE_RECURSION = YES;
				CLANG_WARN_INT_CONVERSION = YES;
				CLANG_WARN_NON_LITERAL_NULL_CONVERSION = YES;
				CLANG_WARN_OBJC_LITERAL_CONVERSION = YES;
				CLANG_WARN_OBJC_ROOT_CLASS = YES_ERROR;
				CLANG_WARN_RANGE_LOOP_ANALYSIS = YES;
				CLANG_WARN_STRICT_PROTOTYPES = YES;
				CLANG_WARN_SUSPICIOUS_MOVE = YES;
				CLANG_WARN_UNGUARDED_AVAILABILITY = YES_AGGRESSIVE;
				CLANG_WARN_UNREACHABLE_CODE = YES;
				CLANG_WARN__DUPLICATE_METHOD_MATCH = YES;
				CODE_SIGN_IDENTITY = "iPhone Developer";
				COPY_PHASE_STRIP = NO;
				DEBUG_INFORMATION_FORMAT = "dwarf-with-dsym";
				ENABLE_NS_ASSERTIONS = NO;
				ENABLE_STRICT_OBJC_MSGSEND = YES;
				GCC_C_LANGUAGE_STANDARD = gnu11;
				GCC_NO_COMMON_BLOCKS = YES;
				GCC_WARN_64_TO_32_BIT_CONVERSION = YES;
				GCC_WARN_ABOUT_RETURN_TYPE = YES_ERROR;
				GCC_WARN_UNDECLARED_SELECTOR = YES;
				GCC_WARN_UNINITIALIZED_AUTOS = YES_AGGRESSIVE;
				GCC_WARN_UNUSED_FUNCTION = YES;
				GCC_WARN_UNUSED_VARIABLE = YES;
				IPHONEOS_DEPLOYMENT_TARGET = 11.1;
				MTL_ENABLE_DEBUG_INFO = NO;
				SDKROOT = iphoneos;
				SWIFT_OPTIMIZATION_LEVEL = "-Owholemodule";
				VALIDATE_PRODUCT = YES;
			};
			name = Release;
		};
		1A39282F1FB70131006E406B /* Debug */ = {
			isa = XCBuildConfiguration;
			buildSettings = {
				ASSETCATALOG_COMPILER_APPICON_NAME = AppIcon;
				"CODE_SIGN_IDENTITY[sdk=iphoneos*]" = "iPhone Developer";
				CODE_SIGN_STYLE = Automatic;
				DEVELOPMENT_TEAM = SK7QKDG62D;
				INFOPLIST_FILE = "CustomControllAdvanced-phaydushki/Info.plist";
				LD_RUNPATH_SEARCH_PATHS = "$(inherited) @executable_path/Frameworks";
				PRODUCT_BUNDLE_IDENTIFIER = "com.phaydushki.CustomControllAdvanced-phaydushki";
				PRODUCT_NAME = "$(TARGET_NAME)";
				PROVISIONING_PROFILE_SPECIFIER = "";
				SWIFT_VERSION = 4.0;
				TARGETED_DEVICE_FAMILY = "1,2";
			};
			name = Debug;
		};
		1A3928301FB70131006E406B /* Release */ = {
			isa = XCBuildConfiguration;
			buildSettings = {
				ASSETCATALOG_COMPILER_APPICON_NAME = AppIcon;
				"CODE_SIGN_IDENTITY[sdk=iphoneos*]" = "iPhone Developer";
				CODE_SIGN_STYLE = Automatic;
				DEVELOPMENT_TEAM = SK7QKDG62D;
				INFOPLIST_FILE = "CustomControllAdvanced-phaydushki/Info.plist";
				LD_RUNPATH_SEARCH_PATHS = "$(inherited) @executable_path/Frameworks";
				PRODUCT_BUNDLE_IDENTIFIER = "com.phaydushki.CustomControllAdvanced-phaydushki";
				PRODUCT_NAME = "$(TARGET_NAME)";
				PROVISIONING_PROFILE_SPECIFIER = "";
				SWIFT_VERSION = 4.0;
				TARGETED_DEVICE_FAMILY = "1,2";
			};
			name = Release;
		};
/* End XCBuildConfiguration section */

/* Begin XCConfigurationList section */
		1A3928171FB70131006E406B /* Build configuration list for PBXProject "CustomControllAdvanced-phaydushki" */ = {
			isa = XCConfigurationList;
			buildConfigurations = (
				1A39282C1FB70131006E406B /* Debug */,
				1A39282D1FB70131006E406B /* Release */,
			);
			defaultConfigurationIsVisible = 0;
			defaultConfigurationName = Release;
		};
		1A39282E1FB70131006E406B /* Build configuration list for PBXNativeTarget "CustomControllAdvanced-phaydushki" */ = {
			isa = XCConfigurationList;
			buildConfigurations = (
				1A39282F1FB70131006E406B /* Debug */,
				1A3928301FB70131006E406B /* Release */,
			);
			defaultConfigurationIsVisible = 0;
			defaultConfigurationName = Release;
		};
/* End XCConfigurationList section */
	};
	rootObject = 1A3928141FB70131006E406B /* Project object */;
}
