// !$*UTF8*$!
{
	archiveVersion = 1;
	classes = {
	};
	objectVersion = 48;
	objects = {

/* Begin PBXBuildFile section */
		1A68852D1FA476400047DAF2 /* AppDelegate.swift in Sources */ = {isa = PBXBuildFile; fileRef = 1A68852C1FA476400047DAF2 /* AppDelegate.swift */; };
		1A68852F1FA476400047DAF2 /* ViewController.swift in Sources */ = {isa = PBXBuildFile; fileRef = 1A68852E1FA476400047DAF2 /* ViewController.swift */; };
		1A6885321FA476400047DAF2 /* Main.storyboard in Resources */ = {isa = PBXBuildFile; fileRef = 1A6885301FA476400047DAF2 /* Main.storyboard */; };
		1A6885341FA476400047DAF2 /* Assets.xcassets in Resources */ = {isa = PBXBuildFile; fileRef = 1A6885331FA476400047DAF2 /* Assets.xcassets */; };
		1A6885371FA476400047DAF2 /* LaunchScreen.storyboard in Resources */ = {isa = PBXBuildFile; fileRef = 1A6885351FA476400047DAF2 /* LaunchScreen.storyboard */; };
		1A68853F1FA476A80047DAF2 /* MyTabView.swift in Sources */ = {isa = PBXBuildFile; fileRef = 1A68853E1FA476A80047DAF2 /* MyTabView.swift */; };
/* End PBXBuildFile section */

/* Begin PBXFileReference section */
		1A6885291FA476400047DAF2 /* SecondSwiftFMITask.app */ = {isa = PBXFileReference; explicitFileType = wrapper.application; includeInIndex = 0; path = SecondSwiftFMITask.app; sourceTree = BUILT_PRODUCTS_DIR; };
		1A68852C1FA476400047DAF2 /* AppDelegate.swift */ = {isa = PBXFileReference; lastKnownFileType = sourcecode.swift; path = AppDelegate.swift; sourceTree = "<group>"; };
		1A68852E1FA476400047DAF2 /* ViewController.swift */ = {isa = PBXFileReference; lastKnownFileType = sourcecode.swift; path = ViewController.swift; sourceTree = "<group>"; };
		1A6885311FA476400047DAF2 /* Base */ = {isa = PBXFileReference; lastKnownFileType = file.storyboard; name = Base; path = Base.lproj/Main.storyboard; sourceTree = "<group>"; };
		1A6885331FA476400047DAF2 /* Assets.xcassets */ = {isa = PBXFileReference; lastKnownFileType = folder.assetcatalog; path = Assets.xcassets; sourceTree = "<group>"; };
		1A6885361FA476400047DAF2 /* Base */ = {isa = PBXFileReference; lastKnownFileType = file.storyboard; name = Base; path = Base.lproj/LaunchScreen.storyboard; sourceTree = "<group>"; };
		1A6885381FA476400047DAF2 /* Info.plist */ = {isa = PBXFileReference; lastKnownFileType = text.plist.xml; path = Info.plist; sourceTree = "<group>"; };
		1A68853E1FA476A80047DAF2 /* MyTabView.swift */ = {isa = PBXFileReference; lastKnownFileType = sourcecode.swift; path = MyTabView.swift; sourceTree = "<group>"; };
/* End PBXFileReference section */

/* Begin PBXFrameworksBuildPhase section */
		1A6885261FA476400047DAF2 /* Frameworks */ = {
			isa = PBXFrameworksBuildPhase;
			buildActionMask = 2147483647;
			files = (
			);
			runOnlyForDeploymentPostprocessing = 0;
		};
/* End PBXFrameworksBuildPhase section */

/* Begin PBXGroup section */
		1A6885201FA476400047DAF2 = {
			isa = PBXGroup;
			children = (
				1A68852B1FA476400047DAF2 /* SecondSwiftFMITask */,
				1A68852A1FA476400047DAF2 /* Products */,
			);
			sourceTree = "<group>";
		};
		1A68852A1FA476400047DAF2 /* Products */ = {
			isa = PBXGroup;
			children = (
				1A6885291FA476400047DAF2 /* SecondSwiftFMITask.app */,
			);
			name = Products;
			sourceTree = "<group>";
		};
		1A68852B1FA476400047DAF2 /* SecondSwiftFMITask */ = {
			isa = PBXGroup;
			children = (
				1A68852C1FA476400047DAF2 /* AppDelegate.swift */,
				1A68852E1FA476400047DAF2 /* ViewController.swift */,
				1A68853E1FA476A80047DAF2 /* MyTabView.swift */,
				1A6885301FA476400047DAF2 /* Main.storyboard */,
				1A6885331FA476400047DAF2 /* Assets.xcassets */,
				1A6885351FA476400047DAF2 /* LaunchScreen.storyboard */,
				1A6885381FA476400047DAF2 /* Info.plist */,
			);
			path = SecondSwiftFMITask;
			sourceTree = "<group>";
		};
/* End PBXGroup section */

/* Begin PBXNativeTarget section */
		1A6885281FA476400047DAF2 /* SecondSwiftFMITask */ = {
			isa = PBXNativeTarget;
			buildConfigurationList = 1A68853B1FA476400047DAF2 /* Build configuration list for PBXNativeTarget "SecondSwiftFMITask" */;
			buildPhases = (
				1A6885251FA476400047DAF2 /* Sources */,
				1A6885261FA476400047DAF2 /* Frameworks */,
				1A6885271FA476400047DAF2 /* Resources */,
			);
			buildRules = (
			);
			dependencies = (
			);
			name = SecondSwiftFMITask;
			productName = SecondSwiftFMITask;
			productReference = 1A6885291FA476400047DAF2 /* SecondSwiftFMITask.app */;
			productType = "com.apple.product-type.application";
		};
/* End PBXNativeTarget section */

/* Begin PBXProject section */
		1A6885211FA476400047DAF2 /* Project object */ = {
			isa = PBXProject;
			attributes = {
				LastSwiftUpdateCheck = 0900;
				LastUpgradeCheck = 0900;
				ORGANIZATIONNAME = "Petko Haydushki";
				TargetAttributes = {
					1A6885281FA476400047DAF2 = {
						CreatedOnToolsVersion = 9.0;
						ProvisioningStyle = Automatic;
					};
				};
			};
			buildConfigurationList = 1A6885241FA476400047DAF2 /* Build configuration list for PBXProject "SecondSwiftFMITask" */;
			compatibilityVersion = "Xcode 8.0";
			developmentRegion = en;
			hasScannedForEncodings = 0;
			knownRegions = (
				en,
				Base,
			);
			mainGroup = 1A6885201FA476400047DAF2;
			productRefGroup = 1A68852A1FA476400047DAF2 /* Products */;
			projectDirPath = "";
			projectRoot = "";
			targets = (
				1A6885281FA476400047DAF2 /* SecondSwiftFMITask */,
			);
		};
/* End PBXProject section */

/* Begin PBXResourcesBuildPhase section */
		1A6885271FA476400047DAF2 /* Resources */ = {
			isa = PBXResourcesBuildPhase;
			buildActionMask = 2147483647;
			files = (
				1A6885371FA476400047DAF2 /* LaunchScreen.storyboard in Resources */,
				1A6885341FA476400047DAF2 /* Assets.xcassets in Resources */,
				1A6885321FA476400047DAF2 /* Main.storyboard in Resources */,
			);
			runOnlyForDeploymentPostprocessing = 0;
		};
/* End PBXResourcesBuildPhase section */

/* Begin PBXSourcesBuildPhase section */
		1A6885251FA476400047DAF2 /* Sources */ = {
			isa = PBXSourcesBuildPhase;
			buildActionMask = 2147483647;
			files = (
				1A68852F1FA476400047DAF2 /* ViewController.swift in Sources */,
				1A68853F1FA476A80047DAF2 /* MyTabView.swift in Sources */,
				1A68852D1FA476400047DAF2 /* AppDelegate.swift in Sources */,
			);
			runOnlyForDeploymentPostprocessing = 0;
		};
/* End PBXSourcesBuildPhase section */

/* Begin PBXVariantGroup section */
		1A6885301FA476400047DAF2 /* Main.storyboard */ = {
			isa = PBXVariantGroup;
			children = (
				1A6885311FA476400047DAF2 /* Base */,
			);
			name = Main.storyboard;
			sourceTree = "<group>";
		};
		1A6885351FA476400047DAF2 /* LaunchScreen.storyboard */ = {
			isa = PBXVariantGroup;
			children = (
				1A6885361FA476400047DAF2 /* Base */,
			);
			name = LaunchScreen.storyboard;
			sourceTree = "<group>";
		};
/* End PBXVariantGroup section */

/* Begin XCBuildConfiguration section */
		1A6885391FA476400047DAF2 /* Debug */ = {
			isa = XCBuildConfiguration;
			buildSettings = {
				ALWAYS_SEARCH_USER_PATHS = NO;
				CLANG_ANALYZER_NONNULL = YES;
				CLANG_ANALYZER_NUMBER_OBJECT_CONVERSION = YES_AGGRESSIVE;
				CLANG_CXX_LANGUAGE_STANDARD = "gnu++14";
				CLANG_CXX_LIBRARY = "libc++";
				CLANG_ENABLE_MODULES = YES;
				CLANG_ENABLE_OBJC_ARC = YES;
				CLANG_WARN_BLOCK_CAPTURE_AUTORELEASING = YES;
				CLANG_WARN_BOOL_CONVERSION = YES;
				CLANG_WARN_COMMA = YES;
				CLANG_WARN_CONSTANT_CONVERSION = YES;
				CLANG_WARN_DIRECT_OBJC_ISA_USAGE = YES_ERROR;
				CLANG_WARN_DOCUMENTATION_COMMENTS = YES;
				CLANG_WARN_EMPTY_BODY = YES;
				CLANG_WARN_ENUM_CONVERSION = YES;
				CLANG_WARN_INFINITE_RECURSION = YES;
				CLANG_WARN_INT_CONVERSION = YES;
				CLANG_WARN_NON_LITERAL_NULL_CONVERSION = YES;
				CLANG_WARN_OBJC_LITERAL_CONVERSION = YES;
				CLANG_WARN_OBJC_ROOT_CLASS = YES_ERROR;
				CLANG_WARN_RANGE_LOOP_ANALYSIS = YES;
				CLANG_WARN_STRICT_PROTOTYPES = YES;
				CLANG_WARN_SUSPICIOUS_MOVE = YES;
				CLANG_WARN_UNGUARDED_AVAILABILITY = YES_AGGRESSIVE;
				CLANG_WARN_UNREACHABLE_CODE = YES;
				CLANG_WARN__DUPLICATE_METHOD_MATCH = YES;
				CODE_SIGN_IDENTITY = "iPhone Developer";
				COPY_PHASE_STRIP = NO;
				DEBUG_INFORMATION_FORMAT = dwarf;
				ENABLE_STRICT_OBJC_MSGSEND = YES;
				ENABLE_TESTABILITY = YES;
				GCC_C_LANGUAGE_STANDARD = gnu11;
				GCC_DYNAMIC_NO_PIC = NO;
				GCC_NO_COMMON_BLOCKS = YES;
				GCC_OPTIMIZATION_LEVEL = 0;
				GCC_PREPROCESSOR_DEFINITIONS = (
					"DEBUG=1",
					"$(inherited)",
				);
				GCC_WARN_64_TO_32_BIT_CONVERSION = YES;
				GCC_WARN_ABOUT_RETURN_TYPE = YES_ERROR;
				GCC_WARN_UNDECLARED_SELECTOR = YES;
				GCC_WARN_UNINITIALIZED_AUTOS = YES_AGGRESSIVE;
				GCC_WARN_UNUSED_FUNCTION = YES;
				GCC_WARN_UNUSED_VARIABLE = YES;
				IPHONEOS_DEPLOYMENT_TARGET = 11.0;
				MTL_ENABLE_DEBUG_INFO = YES;
				ONLY_ACTIVE_ARCH = YES;
				SDKROOT = iphoneos;
				SWIFT_ACTIVE_COMPILATION_CONDITIONS = DEBUG;
				SWIFT_OPTIMIZATION_LEVEL = "-Onone";
			};
			name = Debug;
		};
		1A68853A1FA476400047DAF2 /* Release */ = {
			isa = XCBuildConfiguration;
			buildSettings = {
				ALWAYS_SEARCH_USER_PATHS = NO;
				CLANG_ANALYZER_NONNULL = YES;
				CLANG_ANALYZER_NUMBER_OBJECT_CONVERSION = YES_AGGRESSIVE;
				CLANG_CXX_LANGUAGE_STANDARD = "gnu++14";
				CLANG_CXX_LIBRARY = "libc++";
				CLANG_ENABLE_MODULES = YES;
				CLANG_ENABLE_OBJC_ARC = YES;
				CLANG_WARN_BLOCK_CAPTURE_AUTORELEASING = YES;
				CLANG_WARN_BOOL_CONVERSION = YES;
				CLANG_WARN_COMMA = YES;
				CLANG_WARN_CONSTANT_CONVERSION = YES;
				CLANG_WARN_DIRECT_OBJC_ISA_USAGE = YES_ERROR;
				CLANG_WARN_DOCUMENTATION_COMMENTS = YES;
				CLANG_WARN_EMPTY_BODY = YES;
				CLANG_WARN_ENUM_CONVERSION = YES;
				CLANG_WARN_INFINITE_RECURSION = YES;
				CLANG_WARN_INT_CONVERSION = YES;
				CLANG_WARN_NON_LITERAL_NULL_CONVERSION = YES;
				CLANG_WARN_OBJC_LITERAL_CONVERSION = YES;
				CLANG_WARN_OBJC_ROOT_CLASS = YES_ERROR;
				CLANG_WARN_RANGE_LOOP_ANALYSIS = YES;
				CLANG_WARN_STRICT_PROTOTYPES = YES;
				CLANG_WARN_SUSPICIOUS_MOVE = YES;
				CLANG_WARN_UNGUARDED_AVAILABILITY = YES_AGGRESSIVE;
				CLANG_WARN_UNREACHABLE_CODE = YES;
				CLANG_WARN__DUPLICATE_METHOD_MATCH = YES;
				CODE_SIGN_IDENTITY = "iPhone Developer";
				COPY_PHASE_STRIP = NO;
				DEBUG_INFORMATION_FORMAT = "dwarf-with-dsym";
				ENABLE_NS_ASSERTIONS = NO;
				ENABLE_STRICT_OBJC_MSGSEND = YES;
				GCC_C_LANGUAGE_STANDARD = gnu11;
				GCC_NO_COMMON_BLOCKS = YES;
				GCC_WARN_64_TO_32_BIT_CONVERSION = YES;
				GCC_WARN_ABOUT_RETURN_TYPE = YES_ERROR;
				GCC_WARN_UNDECLARED_SELECTOR = YES;
				GCC_WARN_UNINITIALIZED_AUTOS = YES_AGGRESSIVE;
				GCC_WARN_UNUSED_FUNCTION = YES;
				GCC_WARN_UNUSED_VARIABLE = YES;
				IPHONEOS_DEPLOYMENT_TARGET = 11.0;
				MTL_ENABLE_DEBUG_INFO = NO;
				SDKROOT = iphoneos;
				SWIFT_OPTIMIZATION_LEVEL = "-Owholemodule";
				VALIDATE_PRODUCT = YES;
			};
			name = Release;
		};
		1A68853C1FA476400047DAF2 /* Debug */ = {
			isa = XCBuildConfiguration;
			buildSettings = {
				ASSETCATALOG_COMPILER_APPICON_NAME = AppIcon;
				CODE_SIGN_STYLE = Automatic;
				INFOPLIST_FILE = SecondSwiftFMITask/Info.plist;
				LD_RUNPATH_SEARCH_PATHS = "$(inherited) @executable_path/Frameworks";
				PRODUCT_BUNDLE_IDENTIFIER = com.phaydushki.SecondSwiftFMITask;
				PRODUCT_NAME = "$(TARGET_NAME)";
				SWIFT_VERSION = 4.0;
				TARGETED_DEVICE_FAMILY = "1,2";
			};
			name = Debug;
		};
		1A68853D1FA476400047DAF2 /* Release */ = {
			isa = XCBuildConfiguration;
			buildSettings = {
				ASSETCATALOG_COMPILER_APPICON_NAME = AppIcon;
				CODE_SIGN_STYLE = Automatic;
				INFOPLIST_FILE = SecondSwiftFMITask/Info.plist;
				LD_RUNPATH_SEARCH_PATHS = "$(inherited) @executable_path/Frameworks";
				PRODUCT_BUNDLE_IDENTIFIER = com.phaydushki.SecondSwiftFMITask;
				PRODUCT_NAME = "$(TARGET_NAME)";
				SWIFT_VERSION = 4.0;
				TARGETED_DEVICE_FAMILY = "1,2";
			};
			name = Release;
		};
/* End XCBuildConfiguration section */

/* Begin XCConfigurationList section */
		1A6885241FA476400047DAF2 /* Build configuration list for PBXProject "SecondSwiftFMITask" */ = {
			isa = XCConfigurationList;
			buildConfigurations = (
				1A6885391FA476400047DAF2 /* Debug */,
				1A68853A1FA476400047DAF2 /* Release */,
			);
			defaultConfigurationIsVisible = 0;
			defaultConfigurationName = Release;
		};
		1A68853B1FA476400047DAF2 /* Build configuration list for PBXNativeTarget "SecondSwiftFMITask" */ = {
			isa = XCConfigurationList;
			buildConfigurations = (
				1A68853C1FA476400047DAF2 /* Debug */,
				1A68853D1FA476400047DAF2 /* Release */,
			);
			defaultConfigurationIsVisible = 0;
			defaultConfigurationName = Release;
		};
/* End XCConfigurationList section */
	};
	rootObject = 1A6885211FA476400047DAF2 /* Project object */;
}
